
Microsoft Visual Studio Solution File, Format Version 12.00
# Visual Studio Version 17
VisualStudioVersion = 17.14.36705.20 d17.14
MinimumVisualStudioVersion = 10.0.40219.1
Project("{8BC9CEB8-8B4A-11D0-8D11-00A0C91BC942}") = "loop 6", "loop 6\loop 6.vcxproj", "{E9DCD633-1BBB-4A22-B90B-9876EBEC219B}"
EndProject
Global
	GlobalSection(SolutionConfigurationPlatforms) = preSolution
		Debug|x64 = Debug|x64
		Debug|x86 = Debug|x86
		Release|x64 = Release|x64
		Release|x86 = Release|x86
	EndGlobalSection
	GlobalSection(ProjectConfigurationPlatforms) = postSolution
		{E9DCD633-1BBB-4A22-B90B-9876EBEC219B}.Debug|x64.ActiveCfg = Debug|x64
		{E9DCD633-1BBB-4A22-B90B-9876EBEC219B}.Debug|x64.Build.0 = Debug|x64
		{E9DCD633-1BBB-4A22-B90B-9876EBEC219B}.Debug|x86.ActiveCfg = Debug|Win32
		{E9DCD633-1BBB-4A22-B90B-9876EBEC219B}.Debug|x86.Build.0 = Debug|Win32
		{E9DCD633-1BBB-4A22-B90B-9876EBEC219B}.Release|x64.ActiveCfg = Release|x64
		{E9DCD633-1BBB-4A22-B90B-9876EBEC219B}.Release|x64.Build.0 = Release|x64
		{E9DCD633-1BBB-4A22-B90B-9876EBEC219B}.Release|x86.ActiveCfg = Release|Win32
		{E9DCD633-1BBB-4A22-B90B-9876EBEC219B}.Release|x86.Build.0 = Release|Win32
	EndGlobalSection
	GlobalSection(SolutionProperties) = preSolution
		HideSolutionNode = FALSE
	EndGlobalSection
	GlobalSection(ExtensibilityGlobals) = postSolution
		SolutionGuid = {13B34A21-4CEE-47D9-97F9-C7B78457508B}
	EndGlobalSection
EndGlobal
